
Microsoft Visual Studio Solution File, Format Version 12.00
# Visual Studio Version 16
VisualStudioVersion = 16.0.31624.102
MinimumVisualStudioVersion = 10.0.40219.1
Project("{FAE04EC0-301F-11D3-BF4B-00C04F79EFBC}") = "FileManager", "FileManager\FileManager.csproj", "{7F66999F-4C39-40D1-8F89-0DCB9165265E}"
EndProject
Global
	GlobalSection(SolutionConfigurationPlatforms) = preSolution
		Debug|Any CPU = Debug|Any CPU
		Release|Any CPU = Release|Any CPU
	EndGlobalSection
	GlobalSection(ProjectConfigurationPlatforms) = postSolution
		{7F66999F-4C39-40D1-8F89-0DCB9165265E}.Debug|Any CPU.ActiveCfg = Debug|Any CPU
		{7F66999F-4C39-40D1-8F89-0DCB9165265E}.Debug|Any CPU.Build.0 = Debug|Any CPU
		{7F66999F-4C39-40D1-8F89-0DCB9165265E}.Release|Any CPU.ActiveCfg = Release|Any CPU
		{7F66999F-4C39-40D1-8F89-0DCB9165265E}.Release|Any CPU.Build.0 = Release|Any CPU
	EndGlobalSection
	GlobalSection(SolutionProperties) = preSolution
		HideSolutionNode = FALSE
	EndGlobalSection
	GlobalSection(ExtensibilityGlobals) = postSolution
		SolutionGuid = {0047019B-9E6C-427D-92C3-35885A3E23B8}
	EndGlobalSection
EndGlobal
